
Microsoft Visual Studio Solution File, Format Version 12.00
# Visual Studio Version 17
VisualStudioVersion = 17.9.34728.123
MinimumVisualStudioVersion = 10.0.40219.1
Project("{FAE04EC0-301F-11D3-BF4B-00C04F79EFBC}") = "FairFunds", "FairFunds.csproj", "{421BEA0B-DB47-4372-AAE6-7FD1F06E93D7}"
EndProject
Global
	GlobalSection(SolutionConfigurationPlatforms) = preSolution
		Debug|Any CPU = Debug|Any CPU
		Release|Any CPU = Release|Any CPU
	EndGlobalSection
	GlobalSection(ProjectConfigurationPlatforms) = postSolution
		{421BEA0B-DB47-4372-AAE6-7FD1F06E93D7}.Debug|Any CPU.ActiveCfg = Debug|Any CPU
		{421BEA0B-DB47-4372-AAE6-7FD1F06E93D7}.Debug|Any CPU.Build.0 = Debug|Any CPU
		{421BEA0B-DB47-4372-AAE6-7FD1F06E93D7}.Release|Any CPU.ActiveCfg = Release|Any CPU
		{421BEA0B-DB47-4372-AAE6-7FD1F06E93D7}.Release|Any CPU.Build.0 = Release|Any CPU
	EndGlobalSection
	GlobalSection(SolutionProperties) = preSolution
		HideSolutionNode = FALSE
	EndGlobalSection
	GlobalSection(ExtensibilityGlobals) = postSolution
		SolutionGuid = {BCA5C941-3583-4530-9FBB-627E2BCB3E68}
	EndGlobalSection
EndGlobal
